<?xml version="1.0" encoding="utf-8"?>
<Project ToolsVersion="4.0" xmlns="http://schemas.microsoft.com/developer/msbuild/2003">
  <ItemGroup>
    <Filter Include="ソース ファイル">
      <UniqueIdentifier>{4FC737F1-C7A5-4376-A066-2A32D752A2FF}</UniqueIdentifier>
      <Extensions>cpp;c;cc;cxx;def;odl;idl;hpj;bat;asm;asmx</Extensions>
    </Filter>
    <Filter Include="ヘッダー ファイル">
      <UniqueIdentifier>{93995380-89BD-4b04-88EB-625FBE52EBFB}</UniqueIdentifier>
      <Extensions>h;hh;hpp;hxx;hm;inl;inc;ipp;xsd</Extensions>
    </Filter>
    <Filter Include="リソース ファイル">
      <UniqueIdentifier>{67DA6AB6-F800-4c08-8B7A-83BB121AAD01}</UniqueIdentifier>
      <Extensions>rc;ico;cur;bmp;dlg;rc2;rct;bin;rgs;gif;jpg;jpeg;jpe;resx;tiff;tif;png;wav;mfcribbon-ms</Extensions>
    </Filter>
    <Filter Include="ソース ファイル\vulkan">
      <UniqueIdentifier>{fc977bf9-8e34-4f23-a153-354b9ff846e3}</UniqueIdentifier>
    </Filter>
    <Filter Include="ソース ファイル\Utility">
      <UniqueIdentifier>{de4f28c1-2fe5-4e6c-86cd-5076b2338071}</UniqueIdentifier>
    </Filter>
    <Filter Include="Shader">
      <UniqueIdentifier>{3dc0170e-fa3c-449c-ba20-17594989387e}</UniqueIdentifier>
    </Filter>
    <Filter Include="ソース ファイル\Draw">
      <UniqueIdentifier>{f8abd5c9-e5b5-4e4c-abe5-3d6123c0dd4c}</UniqueIdentifier>
    </Filter>
    <Filter Include="ソース ファイル\Test_Draw">
      <UniqueIdentifier>{193844b9-db45-49d9-819c-e03ee0e8e453}</UniqueIdentifier>
    </Filter>
    <Filter Include="ソース ファイル\Draw\cpp">
      <UniqueIdentifier>{c2698bbb-f542-4a49-b9ef-b4463f52c019}</UniqueIdentifier>
    </Filter>
    <Filter Include="ソース ファイル\Test_Draw\cpp">
      <UniqueIdentifier>{9f5533ea-bde6-425e-8691-532e10e4cc40}</UniqueIdentifier>
    </Filter>
    <Filter Include="ソース ファイル\Draw\header">
      <UniqueIdentifier>{41a496a7-dbce-46cf-b12d-feb0a5c21f66}</UniqueIdentifier>
    </Filter>
    <Filter Include="ソース ファイル\Test_Draw\header">
      <UniqueIdentifier>{0e30a86f-28c5-4d48-975c-182c9fdc03d8}</UniqueIdentifier>
    </Filter>
  </ItemGroup>
  <ItemGroup>
    <ClInclude Include="code\Data.h">
      <Filter>ヘッダー ファイル</Filter>
    </ClInclude>
    <ClInclude Include="code\Graphics.h">
      <Filter>ヘッダー ファイル</Filter>
    </ClInclude>
    <ClInclude Include="code\Render.h">
      <Filter>ヘッダー ファイル</Filter>
    </ClInclude>
    <ClInclude Include="code\Window.h">
      <Filter>ヘッダー ファイル</Filter>
    </ClInclude>
    <ClInclude Include="code\vulkan.h">
      <Filter>ヘッダー ファイル</Filter>
    </ClInclude>
    <ClInclude Include="code\Utility.h">
      <Filter>ヘッダー ファイル</Filter>
    </ClInclude>
    <ClInclude Include="code\mfm.h">
      <Filter>ヘッダー ファイル</Filter>
    </ClInclude>
    <ClInclude Include="code\mtfv.h">
      <Filter>ヘッダー ファイル</Filter>
    </ClInclude>
    <ClInclude Include="code\Draw_2D_noTexture.h">
      <Filter>ソース ファイル\Draw\header</Filter>
    </ClInclude>
    <ClInclude Include="code\Draw_2D_Texture.h">
      <Filter>ソース ファイル\Draw\header</Filter>
    </ClInclude>
    <ClInclude Include="code\Draw_3D_noTexture.h">
      <Filter>ソース ファイル\Draw\header</Filter>
    </ClInclude>
    <ClInclude Include="code\Draw_3D_Texture.h">
      <Filter>ソース ファイル\Draw\header</Filter>
    </ClInclude>
    <ClInclude Include="code\Test_Draw_2D_noTexture.h">
      <Filter>ソース ファイル\Test_Draw\header</Filter>
    </ClInclude>
    <ClInclude Include="code\Test_Draw_2D_Texture.h">
      <Filter>ソース ファイル\Test_Draw\header</Filter>
    </ClInclude>
    <ClInclude Include="code\Test_Draw_3D_noTexture.h">
      <Filter>ソース ファイル\Test_Draw\header</Filter>
    </ClInclude>
    <ClInclude Include="code\Test_Draw_3D_Texture.h">
      <Filter>ソース ファイル\Test_Draw\header</Filter>
    </ClInclude>
  </ItemGroup>
  <ItemGroup>
    <ClCompile Include="code\Data.cpp">
      <Filter>ソース ファイル</Filter>
    </ClCompile>
    <ClCompile Include="code\Graphics.cpp">
      <Filter>ソース ファイル</Filter>
    </ClCompile>
    <ClCompile Include="code\main.cpp">
      <Filter>ソース ファイル</Filter>
    </ClCompile>
    <ClCompile Include="code\Render.cpp">
      <Filter>ソース ファイル</Filter>
    </ClCompile>
    <ClCompile Include="code\Window.cpp">
      <Filter>ソース ファイル</Filter>
    </ClCompile>
    <ClCompile Include="code\Vulkan_Buffer.cpp">
      <Filter>ソース ファイル\vulkan</Filter>
    </ClCompile>
    <ClCompile Include="code\Vulkan_Command_Buffer.cpp">
      <Filter>ソース ファイル\vulkan</Filter>
    </ClCompile>
    <ClCompile Include="code\Vulkan_Command_Pool.cpp">
      <Filter>ソース ファイル\vulkan</Filter>
    </ClCompile>
    <ClCompile Include="code\Vulkan_Depth_Buffer.cpp">
      <Filter>ソース ファイル\vulkan</Filter>
    </ClCompile>
    <ClCompile Include="code\Vulkan_Device.cpp">
      <Filter>ソース ファイル\vulkan</Filter>
    </ClCompile>
    <ClCompile Include="code\Vulkan_Fence.cpp">
      <Filter>ソース ファイル\vulkan</Filter>
    </ClCompile>
    <ClCompile Include="code\Vulkan_FrameBuffer.cpp">
      <Filter>ソース ファイル\vulkan</Filter>
    </ClCompile>
    <ClCompile Include="code\Vulkan_Graphic_Queue.cpp">
      <Filter>ソース ファイル\vulkan</Filter>
    </ClCompile>
    <ClCompile Include="code\Vulkan_Instance.cpp">
      <Filter>ソース ファイル\vulkan</Filter>
    </ClCompile>
    <ClCompile Include="code\Vulkan_Physical_Device.cpp">
      <Filter>ソース ファイル\vulkan</Filter>
    </ClCompile>
    <ClCompile Include="code\Vulkan_Pipeline.cpp">
      <Filter>ソース ファイル\vulkan</Filter>
    </ClCompile>
    <ClCompile Include="code\Vulkan_Render_Pass.cpp">
      <Filter>ソース ファイル\vulkan</Filter>
    </ClCompile>
    <ClCompile Include="code\Vulkan_Scissor.cpp">
      <Filter>ソース ファイル\vulkan</Filter>
    </ClCompile>
    <ClCompile Include="code\Vulkan_Swap_Chain.cpp">
      <Filter>ソース ファイル\vulkan</Filter>
    </ClCompile>
    <ClCompile Include="code\Vulkan_ViewPort.cpp">
      <Filter>ソース ファイル\vulkan</Filter>
    </ClCompile>
    <ClCompile Include="code\Vulkan_Global_Layout_Properties.cpp">
      <Filter>ソース ファイル\vulkan</Filter>
    </ClCompile>
    <ClCompile Include="code\Vulkan_Resources.cpp">
      <Filter>ソース ファイル\vulkan</Filter>
    </ClCompile>
    <ClCompile Include="code\Vulkan_Shader.cpp">
      <Filter>ソース ファイル\vulkan</Filter>
    </ClCompile>
    <ClCompile Include="code\Vulkan_Error_Window.cpp">
      <Filter>ソース ファイル\vulkan</Filter>
    </ClCompile>
    <ClCompile Include="code\Vulkan_Debug_Log.cpp">
      <Filter>ソース ファイル\vulkan</Filter>
    </ClCompile>
    <ClCompile Include="code\Vulkan_Descriptor_pool.cpp">
      <Filter>ソース ファイル\vulkan</Filter>
    </ClCompile>
    <ClCompile Include="code\Vulkan_Uniform_Buffer.cpp">
      <Filter>ソース ファイル\vulkan</Filter>
    </ClCompile>
    <ClCompile Include="code\Utility.cpp">
      <Filter>ソース ファイル\Utility</Filter>
    </ClCompile>
    <ClCompile Include="code\Utility_mtx4x4.cpp">
      <Filter>ソース ファイル\Utility</Filter>
    </ClCompile>
    <ClCompile Include="code\Utility_Vec3.cpp">
      <Filter>ソース ファイル\Utility</Filter>
    </ClCompile>
    <ClCompile Include="code\Utility_Vec4.cpp">
      <Filter>ソース ファイル\Utility</Filter>
    </ClCompile>
    <ClCompile Include="code\Vulkan_Checker.cpp">
      <Filter>ソース ファイル\vulkan</Filter>
    </ClCompile>
    <ClCompile Include="code\Vulkan_Texture.cpp">
      <Filter>ソース ファイル\vulkan</Filter>
    </ClCompile>
    <ClCompile Include="code\Vulkan_GLSLtoSPV.cpp">
      <Filter>ソース ファイル\vulkan</Filter>
    </ClCompile>
    <ClCompile Include="code\Vulkan_Semaphore.cpp">
      <Filter>ソース ファイル\vulkan</Filter>
    </ClCompile>
    <ClCompile Include="code\Vulkan_Image.cpp">
      <Filter>ソース ファイル\vulkan</Filter>
    </ClCompile>
    <ClCompile Include="code\Vulkan_ImageView.cpp">
      <Filter>ソース ファイル\vulkan</Filter>
    </ClCompile>
    <ClCompile Include="code\Vulkan_Surface.cpp">
      <Filter>ソース ファイル\vulkan</Filter>
    </ClCompile>
    <ClCompile Include="code\Draw_3D_Texture.cpp">
      <Filter>ソース ファイル\Draw\cpp</Filter>
    </ClCompile>
    <ClCompile Include="code\Draw_3D_noTexture.cpp">
      <Filter>ソース ファイル\Draw\cpp</Filter>
    </ClCompile>
    <ClCompile Include="code\Draw_2D_Texture.cpp">
      <Filter>ソース ファイル\Draw\cpp</Filter>
    </ClCompile>
    <ClCompile Include="code\Draw_2D_noTexture.cpp">
      <Filter>ソース ファイル\Draw\cpp</Filter>
    </ClCompile>
    <ClCompile Include="code\Test_Draw_2D_noTexture.cpp">
      <Filter>ソース ファイル\Test_Draw\cpp</Filter>
    </ClCompile>
    <ClCompile Include="code\Test_Draw_2D_Texture.cpp">
      <Filter>ソース ファイル\Test_Draw\cpp</Filter>
    </ClCompile>
    <ClCompile Include="code\Test_Draw_3D_noTexture.cpp">
      <Filter>ソース ファイル\Test_Draw\cpp</Filter>
    </ClCompile>
    <ClCompile Include="code\Test_Draw_3D_Texture.cpp">
      <Filter>ソース ファイル\Test_Draw\cpp</Filter>
    </ClCompile>
    <ClCompile Include="code\vulkan.cpp">
      <Filter>Shader</Filter>
    </ClCompile>
    <ClCompile Include="code\Utility_Ini_Vec2.cpp">
      <Filter>ソース ファイル\Utility</Filter>
    </ClCompile>
  </ItemGroup>
  <ItemGroup>
    <None Include="shader\compile.bat">
      <Filter>Shader</Filter>
    </None>
    <None Include="shader\2D_no_Texture.frag">
      <Filter>Shader</Filter>
    </None>
    <None Include="shader\2D_no_Texture.vert">
      <Filter>Shader</Filter>
    </None>
    <None Include="shader\2D_Texture.frag">
      <Filter>Shader</Filter>
    </None>
    <None Include="shader\2D_Texture.vert">
      <Filter>Shader</Filter>
    </None>
    <None Include="shader\3D_no_Texture.frag">
      <Filter>Shader</Filter>
    </None>
    <None Include="shader\3D_Texture.frag">
      <Filter>Shader</Filter>
    </None>
    <None Include="shader\3D_Texture.vert">
      <Filter>Shader</Filter>
    </None>
    <None Include="shader\3D_no_Texture.vert">
      <Filter>Shader</Filter>
    </None>
  </ItemGroup>
</Project>